
Microsoft Visual Studio Solution File, Format Version 12.00
# Visual Studio Version 17
VisualStudioVersion = 17.5.002.0
MinimumVisualStudioVersion = 10.0.40219.1
Project("{9A19103F-16F7-4668-BE54-9A1E7A4F7556}") = "TrilhaApiDesafio", "trilha-net-api-desafio\TrilhaApiDesafio.csproj", "{9590E6D6-01EA-4AF5-825D-95C724D150C5}"
EndProject
Global
	GlobalSection(SolutionConfigurationPlatforms) = preSolution
		Debug|Any CPU = Debug|Any CPU
		Release|Any CPU = Release|Any CPU
	EndGlobalSection
	GlobalSection(ProjectConfigurationPlatforms) = postSolution
		{9590E6D6-01EA-4AF5-825D-95C724D150C5}.Debug|Any CPU.ActiveCfg = Debug|Any CPU
		{9590E6D6-01EA-4AF5-825D-95C724D150C5}.Debug|Any CPU.Build.0 = Debug|Any CPU
		{9590E6D6-01EA-4AF5-825D-95C724D150C5}.Release|Any CPU.ActiveCfg = Release|Any CPU
		{9590E6D6-01EA-4AF5-825D-95C724D150C5}.Release|Any CPU.Build.0 = Release|Any CPU
	EndGlobalSection
	GlobalSection(SolutionProperties) = preSolution
		HideSolutionNode = FALSE
	EndGlobalSection
	GlobalSection(ExtensibilityGlobals) = postSolution
		SolutionGuid = {7539AE84-FBC9-47FC-BE55-F622C4ECAC82}
	EndGlobalSection
EndGlobal
